
Microsoft Visual Studio Solution File, Format Version 12.00
# Visual Studio Version 17
VisualStudioVersion = 17.5.2.0
MinimumVisualStudioVersion = 10.0.40219.1
Project("{FAE04EC0-301F-11D3-BF4B-00C04F79EFBC}") = "medicationApi", "medicationApi\medicationApi.csproj", "{EE396D08-908A-C342-B56C-9EC52A1E205A}"
EndProject
Project("{FAE04EC0-301F-11D3-BF4B-00C04F79EFBC}") = "medicationApi.Tests", "medicationApi.Tests\medicationApi.Tests.csproj", "{55710086-D157-4019-8723-B57B1CC57B18}"
EndProject
Global
	GlobalSection(SolutionConfigurationPlatforms) = preSolution
		Debug|Any CPU = Debug|Any CPU
		Debug|x64 = Debug|x64
		Debug|x86 = Debug|x86
		Release|Any CPU = Release|Any CPU
		Release|x64 = Release|x64
		Release|x86 = Release|x86
	EndGlobalSection
	GlobalSection(ProjectConfigurationPlatforms) = postSolution
		{EE396D08-908A-C342-B56C-9EC52A1E205A}.Debug|Any CPU.ActiveCfg = Debug|Any CPU
		{EE396D08-908A-C342-B56C-9EC52A1E205A}.Debug|Any CPU.Build.0 = Debug|Any CPU
		{EE396D08-908A-C342-B56C-9EC52A1E205A}.Debug|x64.ActiveCfg = Debug|Any CPU
		{EE396D08-908A-C342-B56C-9EC52A1E205A}.Debug|x64.Build.0 = Debug|Any CPU
		{EE396D08-908A-C342-B56C-9EC52A1E205A}.Debug|x86.ActiveCfg = Debug|Any CPU
		{EE396D08-908A-C342-B56C-9EC52A1E205A}.Debug|x86.Build.0 = Debug|Any CPU
		{EE396D08-908A-C342-B56C-9EC52A1E205A}.Release|Any CPU.ActiveCfg = Release|Any CPU
		{EE396D08-908A-C342-B56C-9EC52A1E205A}.Release|Any CPU.Build.0 = Release|Any CPU
		{EE396D08-908A-C342-B56C-9EC52A1E205A}.Release|x64.ActiveCfg = Release|Any CPU
		{EE396D08-908A-C342-B56C-9EC52A1E205A}.Release|x64.Build.0 = Release|Any CPU
		{EE396D08-908A-C342-B56C-9EC52A1E205A}.Release|x86.ActiveCfg = Release|Any CPU
		{EE396D08-908A-C342-B56C-9EC52A1E205A}.Release|x86.Build.0 = Release|Any CPU
		{55710086-D157-4019-8723-B57B1CC57B18}.Debug|Any CPU.ActiveCfg = Debug|Any CPU
		{55710086-D157-4019-8723-B57B1CC57B18}.Debug|Any CPU.Build.0 = Debug|Any CPU
		{55710086-D157-4019-8723-B57B1CC57B18}.Debug|x64.ActiveCfg = Debug|Any CPU
		{55710086-D157-4019-8723-B57B1CC57B18}.Debug|x64.Build.0 = Debug|Any CPU
		{55710086-D157-4019-8723-B57B1CC57B18}.Debug|x86.ActiveCfg = Debug|Any CPU
		{55710086-D157-4019-8723-B57B1CC57B18}.Debug|x86.Build.0 = Debug|Any CPU
		{55710086-D157-4019-8723-B57B1CC57B18}.Release|Any CPU.ActiveCfg = Release|Any CPU
		{55710086-D157-4019-8723-B57B1CC57B18}.Release|Any CPU.Build.0 = Release|Any CPU
		{55710086-D157-4019-8723-B57B1CC57B18}.Release|x64.ActiveCfg = Release|Any CPU
		{55710086-D157-4019-8723-B57B1CC57B18}.Release|x64.Build.0 = Release|Any CPU
		{55710086-D157-4019-8723-B57B1CC57B18}.Release|x86.ActiveCfg = Release|Any CPU
		{55710086-D157-4019-8723-B57B1CC57B18}.Release|x86.Build.0 = Release|Any CPU
	EndGlobalSection
	GlobalSection(SolutionProperties) = preSolution
		HideSolutionNode = FALSE
	EndGlobalSection
	GlobalSection(ExtensibilityGlobals) = postSolution
		SolutionGuid = {86F15040-E8F6-4CF0-9569-E2233DB35859}
	EndGlobalSection
EndGlobal
